// !$*UTF8*$!
{
	archiveVersion = 1;
	classes = {
	};
	objectVersion = 55;
	objects = {

/* Begin PBXBuildFile section */
		1AE58930277AA90F007F7227 /* AppDelegate.swift in Sources */ = {isa = PBXBuildFile; fileRef = 1AE5892F277AA90F007F7227 /* AppDelegate.swift */; };
		1AE58932277AA90F007F7227 /* GameScene.sks in Resources */ = {isa = PBXBuildFile; fileRef = 1AE58931277AA90F007F7227 /* GameScene.sks */; };
		1AE58934277AA90F007F7227 /* Actions.sks in Resources */ = {isa = PBXBuildFile; fileRef = 1AE58933277AA90F007F7227 /* Actions.sks */; };
		1AE58936277AA90F007F7227 /* GameScene.swift in Sources */ = {isa = PBXBuildFile; fileRef = 1AE58935277AA90F007F7227 /* GameScene.swift */; };
		1AE58938277AA90F007F7227 /* GameViewController.swift in Sources */ = {isa = PBXBuildFile; fileRef = 1AE58937277AA90F007F7227 /* GameViewController.swift */; };
		1AE5893B277AA90F007F7227 /* Main.storyboard in Resources */ = {isa = PBXBuildFile; fileRef = 1AE58939277AA90F007F7227 /* Main.storyboard */; };
		1AE5893D277AA910007F7227 /* Assets.xcassets in Resources */ = {isa = PBXBuildFile; fileRef = 1AE5893C277AA910007F7227 /* Assets.xcassets */; };
		1AE58940277AA910007F7227 /* LaunchScreen.storyboard in Resources */ = {isa = PBXBuildFile; fileRef = 1AE5893E277AA910007F7227 /* LaunchScreen.storyboard */; };
		1AE58964277AAB14007F7227 /* roar1.caf in Resources */ = {isa = PBXBuildFile; fileRef = 1AE5895D277AAB14007F7227 /* roar1.caf */; };
		1AE58965277AAB14007F7227 /* music01.mp3 in Resources */ = {isa = PBXBuildFile; fileRef = 1AE5895E277AAB14007F7227 /* music01.mp3 */; };
		1AE58966277AAB14007F7227 /* vnscene view settings.plist in Resources */ = {isa = PBXBuildFile; fileRef = 1AE58960277AAB14007F7227 /* vnscene view settings.plist */; };
		1AE58968277AAB14007F7227 /* main_menu.plist in Resources */ = {isa = PBXBuildFile; fileRef = 1AE58962277AAB14007F7227 /* main_menu.plist */; };
		1AE58972277AAB21007F7227 /* SMTextNode.swift in Sources */ = {isa = PBXBuildFile; fileRef = 1AE5896B277AAB21007F7227 /* SMTextNode.swift */; };
		1AE58973277AAB21007F7227 /* SMRecord.swift in Sources */ = {isa = PBXBuildFile; fileRef = 1AE5896C277AAB21007F7227 /* SMRecord.swift */; };
		1AE58974277AAB21007F7227 /* VNTestScene.swift in Sources */ = {isa = PBXBuildFile; fileRef = 1AE5896D277AAB21007F7227 /* VNTestScene.swift */; };
		1AE58975277AAB21007F7227 /* VNSceneNode.swift in Sources */ = {isa = PBXBuildFile; fileRef = 1AE5896E277AAB21007F7227 /* VNSceneNode.swift */; };
		1AE58976277AAB21007F7227 /* VNScript.swift in Sources */ = {isa = PBXBuildFile; fileRef = 1AE5896F277AAB21007F7227 /* VNScript.swift */; };
		1AE58977277AAB21007F7227 /* SMUtility.swift in Sources */ = {isa = PBXBuildFile; fileRef = 1AE58970277AAB21007F7227 /* SMUtility.swift */; };
		1AE58978277AAB21007F7227 /* VNSystemCall.swift in Sources */ = {isa = PBXBuildFile; fileRef = 1AE58971277AAB21007F7227 /* VNSystemCall.swift */; };
		1AE687B22E20A5ED007AAFC2 /* demo script.txt in Resources */ = {isa = PBXBuildFile; fileRef = 1AE687B12E20A5ED007AAFC2 /* demo script.txt */; };
		1AE687B42E20ACD5007AAFC2 /* test script.txt in Resources */ = {isa = PBXBuildFile; fileRef = 1AE687B32E20ACD5007AAFC2 /* test script.txt */; };
/* End PBXBuildFile section */

/* Begin PBXFileReference section */
		1AE5892C277AA90F007F7227 /* SporkVN.app */ = {isa = PBXFileReference; explicitFileType = wrapper.application; includeInIndex = 0; path = SporkVN.app; sourceTree = BUILT_PRODUCTS_DIR; };
		1AE5892F277AA90F007F7227 /* AppDelegate.swift */ = {isa = PBXFileReference; lastKnownFileType = sourcecode.swift; path = AppDelegate.swift; sourceTree = "<group>"; };
		1AE58931277AA90F007F7227 /* GameScene.sks */ = {isa = PBXFileReference; lastKnownFileType = file.sks; path = GameScene.sks; sourceTree = "<group>"; };
		1AE58933277AA90F007F7227 /* Actions.sks */ = {isa = PBXFileReference; lastKnownFileType = file.sks; path = Actions.sks; sourceTree = "<group>"; };
		1AE58935277AA90F007F7227 /* GameScene.swift */ = {isa = PBXFileReference; lastKnownFileType = sourcecode.swift; path = GameScene.swift; sourceTree = "<group>"; };
		1AE58937277AA90F007F7227 /* GameViewController.swift */ = {isa = PBXFileReference; lastKnownFileType = sourcecode.swift; path = GameViewController.swift; sourceTree = "<group>"; };
		1AE5893A277AA90F007F7227 /* Base */ = {isa = PBXFileReference; lastKnownFileType = file.storyboard; name = Base; path = Base.lproj/Main.storyboard; sourceTree = "<group>"; };
		1AE5893C277AA910007F7227 /* Assets.xcassets */ = {isa = PBXFileReference; lastKnownFileType = folder.assetcatalog; path = Assets.xcassets; sourceTree = "<group>"; };
		1AE5893F277AA910007F7227 /* Base */ = {isa = PBXFileReference; lastKnownFileType = file.storyboard; name = Base; path = Base.lproj/LaunchScreen.storyboard; sourceTree = "<group>"; };
		1AE5895D277AAB14007F7227 /* roar1.caf */ = {isa = PBXFileReference; lastKnownFileType = file; path = roar1.caf; sourceTree = "<group>"; };
		1AE5895E277AAB14007F7227 /* music01.mp3 */ = {isa = PBXFileReference; lastKnownFileType = audio.mp3; path = music01.mp3; sourceTree = "<group>"; };
		1AE58960277AAB14007F7227 /* vnscene view settings.plist */ = {isa = PBXFileReference; fileEncoding = 4; lastKnownFileType = text.plist.xml; path = "vnscene view settings.plist"; sourceTree = "<group>"; };
		1AE58962277AAB14007F7227 /* main_menu.plist */ = {isa = PBXFileReference; fileEncoding = 4; lastKnownFileType = text.plist.xml; path = main_menu.plist; sourceTree = "<group>"; };
		1AE5896B277AAB21007F7227 /* SMTextNode.swift */ = {isa = PBXFileReference; fileEncoding = 4; lastKnownFileType = sourcecode.swift; path = SMTextNode.swift; sourceTree = "<group>"; };
		1AE5896C277AAB21007F7227 /* SMRecord.swift */ = {isa = PBXFileReference; fileEncoding = 4; lastKnownFileType = sourcecode.swift; path = SMRecord.swift; sourceTree = "<group>"; };
		1AE5896D277AAB21007F7227 /* VNTestScene.swift */ = {isa = PBXFileReference; fileEncoding = 4; lastKnownFileType = sourcecode.swift; path = VNTestScene.swift; sourceTree = "<group>"; };
		1AE5896E277AAB21007F7227 /* VNSceneNode.swift */ = {isa = PBXFileReference; fileEncoding = 4; lastKnownFileType = sourcecode.swift; path = VNSceneNode.swift; sourceTree = "<group>"; };
		1AE5896F277AAB21007F7227 /* VNScript.swift */ = {isa = PBXFileReference; fileEncoding = 4; lastKnownFileType = sourcecode.swift; path = VNScript.swift; sourceTree = "<group>"; };
		1AE58970277AAB21007F7227 /* SMUtility.swift */ = {isa = PBXFileReference; fileEncoding = 4; lastKnownFileType = sourcecode.swift; path = SMUtility.swift; sourceTree = "<group>"; };
		1AE58971277AAB21007F7227 /* VNSystemCall.swift */ = {isa = PBXFileReference; fileEncoding = 4; lastKnownFileType = sourcecode.swift; path = VNSystemCall.swift; sourceTree = "<group>"; };
		1AE687B12E20A5ED007AAFC2 /* demo script.txt */ = {isa = PBXFileReference; lastKnownFileType = text; path = "demo script.txt"; sourceTree = "<group>"; };
		1AE687B32E20ACD5007AAFC2 /* test script.txt */ = {isa = PBXFileReference; lastKnownFileType = text; path = "test script.txt"; sourceTree = "<group>"; };
/* End PBXFileReference section */

/* Begin PBXFrameworksBuildPhase section */
		1AE58929277AA90F007F7227 /* Frameworks */ = {
			isa = PBXFrameworksBuildPhase;
			buildActionMask = 2147483647;
			files = (
			);
			runOnlyForDeploymentPostprocessing = 0;
		};
/* End PBXFrameworksBuildPhase section */

/* Begin PBXGroup section */
		1AE58923277AA90F007F7227 = {
			isa = PBXGroup;
			children = (
				1AE5892E277AA90F007F7227 /* SporkVN */,
				1AE5892D277AA90F007F7227 /* Products */,
			);
			sourceTree = "<group>";
		};
		1AE5892D277AA90F007F7227 /* Products */ = {
			isa = PBXGroup;
			children = (
				1AE5892C277AA90F007F7227 /* SporkVN.app */,
			);
			name = Products;
			sourceTree = "<group>";
		};
		1AE5892E277AA90F007F7227 /* SporkVN */ = {
			isa = PBXGroup;
			children = (
				1AE5892F277AA90F007F7227 /* AppDelegate.swift */,
				1AE58931277AA90F007F7227 /* GameScene.sks */,
				1AE58933277AA90F007F7227 /* Actions.sks */,
				1AE58935277AA90F007F7227 /* GameScene.swift */,
				1AE58937277AA90F007F7227 /* GameViewController.swift */,
				1AE58939277AA90F007F7227 /* Main.storyboard */,
				1AE5893C277AA910007F7227 /* Assets.xcassets */,
				1AE5893E277AA910007F7227 /* LaunchScreen.storyboard */,
				1AE5896A277AAB21007F7227 /* VN Classes */,
				1AE5895B277AAB14007F7227 /* VN resources */,
			);
			path = SporkVN;
			sourceTree = "<group>";
		};
		1AE5895B277AAB14007F7227 /* VN resources */ = {
			isa = PBXGroup;
			children = (
				1AE5895C277AAB14007F7227 /* audio resources */,
				1AE5895F277AAB14007F7227 /* plists */,
			);
			path = "VN resources";
			sourceTree = "<group>";
		};
		1AE5895C277AAB14007F7227 /* audio resources */ = {
			isa = PBXGroup;
			children = (
				1AE5895D277AAB14007F7227 /* roar1.caf */,
				1AE5895E277AAB14007F7227 /* music01.mp3 */,
			);
			path = "audio resources";
			sourceTree = "<group>";
		};
		1AE5895F277AAB14007F7227 /* plists */ = {
			isa = PBXGroup;
			children = (
				1AE58960277AAB14007F7227 /* vnscene view settings.plist */,
				1AE687B12E20A5ED007AAFC2 /* demo script.txt */,
				1AE58962277AAB14007F7227 /* main_menu.plist */,
				1AE687B32E20ACD5007AAFC2 /* test script.txt */,
			);
			path = plists;
			sourceTree = "<group>";
		};
		1AE5896A277AAB21007F7227 /* VN Classes */ = {
			isa = PBXGroup;
			children = (
				1AE5896B277AAB21007F7227 /* SMTextNode.swift */,
				1AE5896C277AAB21007F7227 /* SMRecord.swift */,
				1AE5896D277AAB21007F7227 /* VNTestScene.swift */,
				1AE5896E277AAB21007F7227 /* VNSceneNode.swift */,
				1AE5896F277AAB21007F7227 /* VNScript.swift */,
				1AE58970277AAB21007F7227 /* SMUtility.swift */,
				1AE58971277AAB21007F7227 /* VNSystemCall.swift */,
			);
			path = "VN Classes";
			sourceTree = "<group>";
		};
/* End PBXGroup section */

/* Begin PBXNativeTarget section */
		1AE5892B277AA90F007F7227 /* SporkVN */ = {
			isa = PBXNativeTarget;
			buildConfigurationList = 1AE58943277AA910007F7227 /* Build configuration list for PBXNativeTarget "SporkVN" */;
			buildPhases = (
				1AE58928277AA90F007F7227 /* Sources */,
				1AE58929277AA90F007F7227 /* Frameworks */,
				1AE5892A277AA90F007F7227 /* Resources */,
			);
			buildRules = (
			);
			dependencies = (
			);
			name = SporkVN;
			productName = SporkVN;
			productReference = 1AE5892C277AA90F007F7227 /* SporkVN.app */;
			productType = "com.apple.product-type.application";
		};
/* End PBXNativeTarget section */

/* Begin PBXProject section */
		1AE58924277AA90F007F7227 /* Project object */ = {
			isa = PBXProject;
			attributes = {
				BuildIndependentTargetsInParallel = 1;
				LastSwiftUpdateCheck = 1320;
				LastUpgradeCheck = 1620;
				TargetAttributes = {
					1AE5892B277AA90F007F7227 = {
						CreatedOnToolsVersion = 13.2.1;
					};
				};
			};
			buildConfigurationList = 1AE58927277AA90F007F7227 /* Build configuration list for PBXProject "SporkVN" */;
			compatibilityVersion = "Xcode 13.0";
			developmentRegion = en;
			hasScannedForEncodings = 0;
			knownRegions = (
				en,
				Base,
			);
			mainGroup = 1AE58923277AA90F007F7227;
			productRefGroup = 1AE5892D277AA90F007F7227 /* Products */;
			projectDirPath = "";
			projectRoot = "";
			targets = (
				1AE5892B277AA90F007F7227 /* SporkVN */,
			);
		};
/* End PBXProject section */

/* Begin PBXResourcesBuildPhase section */
		1AE5892A277AA90F007F7227 /* Resources */ = {
			isa = PBXResourcesBuildPhase;
			buildActionMask = 2147483647;
			files = (
				1AE58964277AAB14007F7227 /* roar1.caf in Resources */,
				1AE687B42E20ACD5007AAFC2 /* test script.txt in Resources */,
				1AE5893B277AA90F007F7227 /* Main.storyboard in Resources */,
				1AE58932277AA90F007F7227 /* GameScene.sks in Resources */,
				1AE58968277AAB14007F7227 /* main_menu.plist in Resources */,
				1AE58966277AAB14007F7227 /* vnscene view settings.plist in Resources */,
				1AE687B22E20A5ED007AAFC2 /* demo script.txt in Resources */,
				1AE5893D277AA910007F7227 /* Assets.xcassets in Resources */,
				1AE58940277AA910007F7227 /* LaunchScreen.storyboard in Resources */,
				1AE58934277AA90F007F7227 /* Actions.sks in Resources */,
				1AE58965277AAB14007F7227 /* music01.mp3 in Resources */,
			);
			runOnlyForDeploymentPostprocessing = 0;
		};
/* End PBXResourcesBuildPhase section */

/* Begin PBXSourcesBuildPhase section */
		1AE58928277AA90F007F7227 /* Sources */ = {
			isa = PBXSourcesBuildPhase;
			buildActionMask = 2147483647;
			files = (
				1AE58936277AA90F007F7227 /* GameScene.swift in Sources */,
				1AE58973277AAB21007F7227 /* SMRecord.swift in Sources */,
				1AE58976277AAB21007F7227 /* VNScript.swift in Sources */,
				1AE58938277AA90F007F7227 /* GameViewController.swift in Sources */,
				1AE58977277AAB21007F7227 /* SMUtility.swift in Sources */,
				1AE58972277AAB21007F7227 /* SMTextNode.swift in Sources */,
				1AE58978277AAB21007F7227 /* VNSystemCall.swift in Sources */,
				1AE58974277AAB21007F7227 /* VNTestScene.swift in Sources */,
				1AE58930277AA90F007F7227 /* AppDelegate.swift in Sources */,
				1AE58975277AAB21007F7227 /* VNSceneNode.swift in Sources */,
			);
			runOnlyForDeploymentPostprocessing = 0;
		};
/* End PBXSourcesBuildPhase section */

/* Begin PBXVariantGroup section */
		1AE58939277AA90F007F7227 /* Main.storyboard */ = {
			isa = PBXVariantGroup;
			children = (
				1AE5893A277AA90F007F7227 /* Base */,
			);
			name = Main.storyboard;
			sourceTree = "<group>";
		};
		1AE5893E277AA910007F7227 /* LaunchScreen.storyboard */ = {
			isa = PBXVariantGroup;
			children = (
				1AE5893F277AA910007F7227 /* Base */,
			);
			name = LaunchScreen.storyboard;
			sourceTree = "<group>";
		};
/* End PBXVariantGroup section */

/* Begin XCBuildConfiguration section */
		1AE58941277AA910007F7227 /* Debug */ = {
			isa = XCBuildConfiguration;
			buildSettings = {
				ALWAYS_SEARCH_USER_PATHS = NO;
				CLANG_ANALYZER_NONNULL = YES;
				CLANG_ANALYZER_NUMBER_OBJECT_CONVERSION = YES_AGGRESSIVE;
				CLANG_CXX_LANGUAGE_STANDARD = "gnu++17";
				CLANG_CXX_LIBRARY = "libc++";
				CLANG_ENABLE_MODULES = YES;
				CLANG_ENABLE_OBJC_ARC = YES;
				CLANG_ENABLE_OBJC_WEAK = YES;
				CLANG_WARN_BLOCK_CAPTURE_AUTORELEASING = YES;
				CLANG_WARN_BOOL_CONVERSION = YES;
				CLANG_WARN_COMMA = YES;
				CLANG_WARN_CONSTANT_CONVERSION = YES;
				CLANG_WARN_DEPRECATED_OBJC_IMPLEMENTATIONS = YES;
				CLANG_WARN_DIRECT_OBJC_ISA_USAGE = YES_ERROR;
				CLANG_WARN_DOCUMENTATION_COMMENTS = YES;
				CLANG_WARN_EMPTY_BODY = YES;
				CLANG_WARN_ENUM_CONVERSION = YES;
				CLANG_WARN_INFINITE_RECURSION = YES;
				CLANG_WARN_INT_CONVERSION = YES;
				CLANG_WARN_NON_LITERAL_NULL_CONVERSION = YES;
				CLANG_WARN_OBJC_IMPLICIT_RETAIN_SELF = YES;
				CLANG_WARN_OBJC_LITERAL_CONVERSION = YES;
				CLANG_WARN_OBJC_ROOT_CLASS = YES_ERROR;
				CLANG_WARN_QUOTED_INCLUDE_IN_FRAMEWORK_HEADER = YES;
				CLANG_WARN_RANGE_LOOP_ANALYSIS = YES;
				CLANG_WARN_STRICT_PROTOTYPES = YES;
				CLANG_WARN_SUSPICIOUS_MOVE = YES;
				CLANG_WARN_UNGUARDED_AVAILABILITY = YES_AGGRESSIVE;
				CLANG_WARN_UNREACHABLE_CODE = YES;
				CLANG_WARN__DUPLICATE_METHOD_MATCH = YES;
				COPY_PHASE_STRIP = NO;
				DEBUG_INFORMATION_FORMAT = dwarf;
				ENABLE_STRICT_OBJC_MSGSEND = YES;
				ENABLE_TESTABILITY = YES;
				ENABLE_USER_SCRIPT_SANDBOXING = YES;
				GCC_C_LANGUAGE_STANDARD = gnu11;
				GCC_DYNAMIC_NO_PIC = NO;
				GCC_NO_COMMON_BLOCKS = YES;
				GCC_OPTIMIZATION_LEVEL = 0;
				GCC_PREPROCESSOR_DEFINITIONS = (
					"DEBUG=1",
					"$(inherited)",
				);
				GCC_WARN_64_TO_32_BIT_CONVERSION = YES;
				GCC_WARN_ABOUT_RETURN_TYPE = YES_ERROR;
				GCC_WARN_UNDECLARED_SELECTOR = YES;
				GCC_WARN_UNINITIALIZED_AUTOS = YES_AGGRESSIVE;
				GCC_WARN_UNUSED_FUNCTION = YES;
				GCC_WARN_UNUSED_VARIABLE = YES;
				IPHONEOS_DEPLOYMENT_TARGET = 15.2;
				MTL_ENABLE_DEBUG_INFO = INCLUDE_SOURCE;
				MTL_FAST_MATH = YES;
				ONLY_ACTIVE_ARCH = YES;
				SDKROOT = iphoneos;
				SWIFT_ACTIVE_COMPILATION_CONDITIONS = DEBUG;
				SWIFT_OPTIMIZATION_LEVEL = "-Onone";
			};
			name = Debug;
		};
		1AE58942277AA910007F7227 /* Release */ = {
			isa = XCBuildConfiguration;
			buildSettings = {
				ALWAYS_SEARCH_USER_PATHS = NO;
				CLANG_ANALYZER_NONNULL = YES;
				CLANG_ANALYZER_NUMBER_OBJECT_CONVERSION = YES_AGGRESSIVE;
				CLANG_CXX_LANGUAGE_STANDARD = "gnu++17";
				CLANG_CXX_LIBRARY = "libc++";
				CLANG_ENABLE_MODULES = YES;
				CLANG_ENABLE_OBJC_ARC = YES;
				CLANG_ENABLE_OBJC_WEAK = YES;
				CLANG_WARN_BLOCK_CAPTURE_AUTORELEASING = YES;
				CLANG_WARN_BOOL_CONVERSION = YES;
				CLANG_WARN_COMMA = YES;
				CLANG_WARN_CONSTANT_CONVERSION = YES;
				CLANG_WARN_DEPRECATED_OBJC_IMPLEMENTATIONS = YES;
				CLANG_WARN_DIRECT_OBJC_ISA_USAGE = YES_ERROR;
				CLANG_WARN_DOCUMENTATION_COMMENTS = YES;
				CLANG_WARN_EMPTY_BODY = YES;
				CLANG_WARN_ENUM_CONVERSION = YES;
				CLANG_WARN_INFINITE_RECURSION = YES;
				CLANG_WARN_INT_CONVERSION = YES;
				CLANG_WARN_NON_LITERAL_NULL_CONVERSION = YES;
				CLANG_WARN_OBJC_IMPLICIT_RETAIN_SELF = YES;
				CLANG_WARN_OBJC_LITERAL_CONVERSION = YES;
				CLANG_WARN_OBJC_ROOT_CLASS = YES_ERROR;
				CLANG_WARN_QUOTED_INCLUDE_IN_FRAMEWORK_HEADER = YES;
				CLANG_WARN_RANGE_LOOP_ANALYSIS = YES;
				CLANG_WARN_STRICT_PROTOTYPES = YES;
				CLANG_WARN_SUSPICIOUS_MOVE = YES;
				CLANG_WARN_UNGUARDED_AVAILABILITY = YES_AGGRESSIVE;
				CLANG_WARN_UNREACHABLE_CODE = YES;
				CLANG_WARN__DUPLICATE_METHOD_MATCH = YES;
				COPY_PHASE_STRIP = NO;
				DEBUG_INFORMATION_FORMAT = "dwarf-with-dsym";
				ENABLE_NS_ASSERTIONS = NO;
				ENABLE_STRICT_OBJC_MSGSEND = YES;
				ENABLE_USER_SCRIPT_SANDBOXING = YES;
				GCC_C_LANGUAGE_STANDARD = gnu11;
				GCC_NO_COMMON_BLOCKS = YES;
				GCC_WARN_64_TO_32_BIT_CONVERSION = YES;
				GCC_WARN_ABOUT_RETURN_TYPE = YES_ERROR;
				GCC_WARN_UNDECLARED_SELECTOR = YES;
				GCC_WARN_UNINITIALIZED_AUTOS = YES_AGGRESSIVE;
				GCC_WARN_UNUSED_FUNCTION = YES;
				GCC_WARN_UNUSED_VARIABLE = YES;
				IPHONEOS_DEPLOYMENT_TARGET = 15.2;
				MTL_ENABLE_DEBUG_INFO = NO;
				MTL_FAST_MATH = YES;
				SDKROOT = iphoneos;
				SWIFT_COMPILATION_MODE = wholemodule;
				SWIFT_OPTIMIZATION_LEVEL = "-O";
				VALIDATE_PRODUCT = YES;
			};
			name = Release;
		};
		1AE58944277AA910007F7227 /* Debug */ = {
			isa = XCBuildConfiguration;
			buildSettings = {
				ASSETCATALOG_COMPILER_APPICON_NAME = AppIcon;
				ASSETCATALOG_COMPILER_GLOBAL_ACCENT_COLOR_NAME = AccentColor;
				CODE_SIGN_STYLE = Automatic;
				CURRENT_PROJECT_VERSION = 1;
				GENERATE_INFOPLIST_FILE = YES;
				INFOPLIST_KEY_UIApplicationSupportsIndirectInputEvents = YES;
				INFOPLIST_KEY_UILaunchStoryboardName = LaunchScreen;
				INFOPLIST_KEY_UIMainStoryboardFile = Main;
				INFOPLIST_KEY_UIStatusBarHidden = YES;
				INFOPLIST_KEY_UISupportedInterfaceOrientations = "UIInterfaceOrientationLandscapeLeft UIInterfaceOrientationLandscapeRight";
				INFOPLIST_KEY_UISupportedInterfaceOrientations_iPad = "UIInterfaceOrientationPortrait UIInterfaceOrientationPortraitUpsideDown UIInterfaceOrientationLandscapeLeft UIInterfaceOrientationLandscapeRight";
				INFOPLIST_KEY_UISupportedInterfaceOrientations_iPhone = "UIInterfaceOrientationLandscapeLeft UIInterfaceOrientationLandscapeRight";
				IPHONEOS_DEPLOYMENT_TARGET = 16.6;
				LD_RUNPATH_SEARCH_PATHS = (
					"$(inherited)",
					"@executable_path/Frameworks",
				);
				MARKETING_VERSION = 1.3.2;
				PRODUCT_BUNDLE_IDENTIFIER = com.elfketchup.SporkVN;
				PRODUCT_NAME = "$(TARGET_NAME)";
				SWIFT_EMIT_LOC_STRINGS = YES;
				SWIFT_VERSION = 6.0;
				TARGETED_DEVICE_FAMILY = "1,2";
			};
			name = Debug;
		};
		1AE58945277AA910007F7227 /* Release */ = {
			isa = XCBuildConfiguration;
			buildSettings = {
				ASSETCATALOG_COMPILER_APPICON_NAME = AppIcon;
				ASSETCATALOG_COMPILER_GLOBAL_ACCENT_COLOR_NAME = AccentColor;
				CODE_SIGN_STYLE = Automatic;
				CURRENT_PROJECT_VERSION = 1;
				GENERATE_INFOPLIST_FILE = YES;
				INFOPLIST_KEY_UIApplicationSupportsIndirectInputEvents = YES;
				INFOPLIST_KEY_UILaunchStoryboardName = LaunchScreen;
				INFOPLIST_KEY_UIMainStoryboardFile = Main;
				INFOPLIST_KEY_UIStatusBarHidden = YES;
				INFOPLIST_KEY_UISupportedInterfaceOrientations = "UIInterfaceOrientationLandscapeLeft UIInterfaceOrientationLandscapeRight";
				INFOPLIST_KEY_UISupportedInterfaceOrientations_iPad = "UIInterfaceOrientationPortrait UIInterfaceOrientationPortraitUpsideDown UIInterfaceOrientationLandscapeLeft UIInterfaceOrientationLandscapeRight";
				INFOPLIST_KEY_UISupportedInterfaceOrientations_iPhone = "UIInterfaceOrientationLandscapeLeft UIInterfaceOrientationLandscapeRight";
				IPHONEOS_DEPLOYMENT_TARGET = 16.6;
				LD_RUNPATH_SEARCH_PATHS = (
					"$(inherited)",
					"@executable_path/Frameworks",
				);
				MARKETING_VERSION = 1.3.2;
				PRODUCT_BUNDLE_IDENTIFIER = com.elfketchup.SporkVN;
				PRODUCT_NAME = "$(TARGET_NAME)";
				SWIFT_EMIT_LOC_STRINGS = YES;
				SWIFT_VERSION = 6.0;
				TARGETED_DEVICE_FAMILY = "1,2";
			};
			name = Release;
		};
/* End XCBuildConfiguration section */

/* Begin XCConfigurationList section */
		1AE58927277AA90F007F7227 /* Build configuration list for PBXProject "SporkVN" */ = {
			isa = XCConfigurationList;
			buildConfigurations = (
				1AE58941277AA910007F7227 /* Debug */,
				1AE58942277AA910007F7227 /* Release */,
			);
			defaultConfigurationIsVisible = 0;
			defaultConfigurationName = Release;
		};
		1AE58943277AA910007F7227 /* Build configuration list for PBXNativeTarget "SporkVN" */ = {
			isa = XCConfigurationList;
			buildConfigurations = (
				1AE58944277AA910007F7227 /* Debug */,
				1AE58945277AA910007F7227 /* Release */,
			);
			defaultConfigurationIsVisible = 0;
			defaultConfigurationName = Release;
		};
/* End XCConfigurationList section */
	};
	rootObject = 1AE58924277AA90F007F7227 /* Project object */;
}
